
Microsoft Visual Studio Solution File, Format Version 12.00
Project("{FAE04EC0-301F-11D3-BF4B-00C04F79EFBC}") = "shadcn-taks-api", "shadcn-taks-api\shadcn-taks-api.csproj", "{18266F86-F872-45F5-832F-309527AEDF96}"
EndProject
Global
	GlobalSection(SolutionConfigurationPlatforms) = preSolution
		Debug|Any CPU = Debug|Any CPU
		Release|Any CPU = Release|Any CPU
	EndGlobalSection
	GlobalSection(ProjectConfigurationPlatforms) = postSolution
		{18266F86-F872-45F5-832F-309527AEDF96}.Debug|Any CPU.ActiveCfg = Debug|Any CPU
		{18266F86-F872-45F5-832F-309527AEDF96}.Debug|Any CPU.Build.0 = Debug|Any CPU
		{18266F86-F872-45F5-832F-309527AEDF96}.Release|Any CPU.ActiveCfg = Release|Any CPU
		{18266F86-F872-45F5-832F-309527AEDF96}.Release|Any CPU.Build.0 = Release|Any CPU
	EndGlobalSection
EndGlobal
